# This file is automatically @generated by Wally.
# It is not intended for manual editing.
registry = "test"

[[package]]
name = "alicesaidhi/jabby"
version = "0.2.1"
dependencies = [["jecs", "ukendio/jecs@0.5.5"], ["pebble", "alicesaidhi/pebble@0.1.2"], ["vide", "centau/vide@0.3.1"]]

[[package]]
name = "alicesaidhi/pebble"
version = "0.1.2"
dependencies = [["vide", "centau/vide@0.3.1"]]

[[package]]
name = "centau/vide"
version = "0.3.1"
dependencies = []

[[package]]
name = "corecii/greentea"
version = "0.4.11"
dependencies = []

[[package]]
name = "evaera/promise"
version = "4.0.0"
dependencies = []

[[package]]
name = "littensy/ripple"
version = "0.9.3"
dependencies = [["Promise", "evaera/promise@4.0.0"]]

[[package]]
name = "pq/rouber-eats"
version = "0.1.0"
dependencies = [["future", "yetanotherclown/luau-futures@2.0.0-beta.3"], ["greentea", "corecii/greentea@0.4.11"], ["jabby", "alicesaidhi/jabby@0.2.1"], ["jecs", "ukendio/jecs@0.5.5"], ["planck", "yetanotherclown/planck@0.2.0-rc.2"], ["planckjabby", "yetanotherclown/planck-jabby@0.2.0-rc.1"], ["planckrunservice", "yetanotherclown/planck-runservice@0.2.0-rc.1"], ["rewire", "sayhisam1/rewire@0.3.0"], ["ripple", "littensy/ripple@0.9.3"], ["vide", "centau/vide@0.3.1"], ["yetanothernet", "yetanotherclown/yetanothernet@0.10.0-alpha.4"]]

[[package]]
name = "sayhisam1/rewire"
version = "0.3.0"
dependencies = []

[[package]]
name = "ukendio/jecs"
version = "0.5.5"
dependencies = []

[[package]]
name = "yetanotherclown/luau-futures"
version = "2.0.0-beta.3"
dependencies = []

[[package]]
name = "yetanotherclown/planck"
version = "0.2.0-rc.2"
dependencies = []

[[package]]
name = "yetanotherclown/planck-jabby"
version = "0.2.0-rc.1"
dependencies = [["Jabby", "alicesaidhi/jabby@0.2.1"]]

[[package]]
name = "yetanotherclown/planck-runservice"
version = "0.2.0-rc.1"
dependencies = [["Planck", "yetanotherclown/planck@0.2.0-rc.2"]]

[[package]]
name = "yetanotherclown/yetanothernet"
version = "0.10.0-alpha.4"
dependencies = []
